{
  "version": 4,
  "terraform_version": "1.5.7",
  "serial": 32,
  "lineage": "fb73edb4-6de5-5a26-40b9-8ae27f9f9cad",
  "outputs": {},
  "resources": [
    {
      "module": "module.buckets",
      "mode": "managed",
      "type": "google_storage_bucket",
      "name": "executables",
      "provider": "provider[\"registry.terraform.io/hashicorp/google\"]",
      "instances": [
        {
          "schema_version": 3,
          "attributes": {
            "autoclass": [],
            "cors": [],
            "custom_placement_config": [],
            "default_event_based_hold": false,
            "effective_labels": {
              "goog-terraform-provisioned": "true"
            },
            "enable_object_retention": false,
            "encryption": [],
            "force_destroy": true,
            "hierarchical_namespace": [
              {
                "enabled": false
              }
            ],
            "id": "ds-2025-10-executables",
            "labels": {},
            "lifecycle_rule": [],
            "location": "US-CENTRAL1",
            "logging": [],
            "name": "ds-2025-10-executables",
            "project": "ds-2025-10",
            "project_number": 365518882403,
            "public_access_prevention": "inherited",
            "requester_pays": false,
            "retention_policy": [],
            "rpo": null,
            "self_link": "https://www.googleapis.com/storage/v1/b/ds-2025-10-executables",
            "soft_delete_policy": [
              {
                "effective_time": "2025-04-18T06:13:58.731Z",
                "retention_duration_seconds": 604800
              }
            ],
            "storage_class": "STANDARD",
            "terraform_labels": {
              "goog-terraform-provisioned": "true"
            },
            "timeouts": null,
            "uniform_bucket_level_access": true,
            "url": "gs://ds-2025-10-executables",
            "versioning": [],
            "website": []
          },
          "sensitive_attributes": [],
          "private": "eyJlMmJmYjczMC1lY2FhLTExZTYtOGY4OC0zNDM2M2JjN2M0YzAiOnsiY3JlYXRlIjo2MDAwMDAwMDAwMDAsInJlYWQiOjI0MDAwMDAwMDAwMCwidXBkYXRlIjoyNDAwMDAwMDAwMDB9LCJzY2hlbWFfdmVyc2lvbiI6IjMifQ=="
        }
      ]
    },
    {
      "module": "module.buckets",
      "mode": "managed",
      "type": "google_storage_bucket",
      "name": "scripts",
      "provider": "provider[\"registry.terraform.io/hashicorp/google\"]",
      "instances": [
        {
          "schema_version": 3,
          "attributes": {
            "autoclass": [],
            "cors": [],
            "custom_placement_config": [],
            "default_event_based_hold": false,
            "effective_labels": {
              "goog-terraform-provisioned": "true"
            },
            "enable_object_retention": false,
            "encryption": [],
            "force_destroy": true,
            "hierarchical_namespace": [
              {
                "enabled": false
              }
            ],
            "id": "ds-2025-10-scripts",
            "labels": {},
            "lifecycle_rule": [],
            "location": "US-CENTRAL1",
            "logging": [],
            "name": "ds-2025-10-scripts",
            "project": "ds-2025-10",
            "project_number": 365518882403,
            "public_access_prevention": "inherited",
            "requester_pays": false,
            "retention_policy": [],
            "rpo": null,
            "self_link": "https://www.googleapis.com/storage/v1/b/ds-2025-10-scripts",
            "soft_delete_policy": [
              {
                "effective_time": "2025-04-18T06:13:58.514Z",
                "retention_duration_seconds": 604800
              }
            ],
            "storage_class": "STANDARD",
            "terraform_labels": {
              "goog-terraform-provisioned": "true"
            },
            "timeouts": null,
            "uniform_bucket_level_access": true,
            "url": "gs://ds-2025-10-scripts",
            "versioning": [],
            "website": []
          },
          "sensitive_attributes": [],
          "private": "eyJlMmJmYjczMC1lY2FhLTExZTYtOGY4OC0zNDM2M2JjN2M0YzAiOnsiY3JlYXRlIjo2MDAwMDAwMDAwMDAsInJlYWQiOjI0MDAwMDAwMDAwMCwidXBkYXRlIjoyNDAwMDAwMDAwMDB9LCJzY2hlbWFfdmVyc2lvbiI6IjMifQ=="
        }
      ]
    },
    {
      "module": "module.buckets",
      "mode": "managed",
      "type": "google_storage_bucket_object",
      "name": "docker_compose",
      "provider": "provider[\"registry.terraform.io/hashicorp/google\"]",
      "instances": [
        {
          "schema_version": 0,
          "attributes": {
            "bucket": "ds-2025-10-scripts",
            "cache_control": "",
            "content": null,
            "content_disposition": "",
            "content_encoding": "",
            "content_language": "",
            "content_type": "text/plain; charset=utf-8",
            "crc32c": "7rvmNw==",
            "customer_encryption": [],
            "detect_md5hash": "Yagbm62wKmlAZdc0MhWzkw==",
            "event_based_hold": false,
            "generation": 1744956839515304,
            "id": "ds-2025-10-scripts-docker-compose.yaml",
            "kms_key_name": "",
            "md5hash": "Yagbm62wKmlAZdc0MhWzkw==",
            "md5hexhash": "61a81b9badb02a694065d7343215b393",
            "media_link": "https://storage.googleapis.com/download/storage/v1/b/ds-2025-10-scripts/o/docker-compose.yaml?generation=1744956839515304\u0026alt=media",
            "metadata": {},
            "name": "docker-compose.yaml",
            "output_name": "docker-compose.yaml",
            "retention": [],
            "self_link": "https://www.googleapis.com/storage/v1/b/ds-2025-10-scripts/o/docker-compose.yaml",
            "source": "../../docker-compose.yaml",
            "storage_class": "STANDARD",
            "temporary_hold": false,
            "timeouts": null
          },
          "sensitive_attributes": [],
          "private": "eyJlMmJmYjczMC1lY2FhLTExZTYtOGY4OC0zNDM2M2JjN2M0YzAiOnsiY3JlYXRlIjoyNDAwMDAwMDAwMDAsImRlbGV0ZSI6MjQwMDAwMDAwMDAwLCJ1cGRhdGUiOjI0MDAwMDAwMDAwMH19",
          "dependencies": [
            "module.buckets.google_storage_bucket.scripts"
          ]
        }
      ]
    },
    {
      "module": "module.buckets",
      "mode": "managed",
      "type": "google_storage_bucket_object",
      "name": "faculty_exe",
      "provider": "provider[\"registry.terraform.io/hashicorp/google\"]",
      "instances": [
        {
          "schema_version": 0,
          "attributes": {
            "bucket": "ds-2025-10-executables",
            "cache_control": "",
            "content": null,
            "content_disposition": "",
            "content_encoding": "",
            "content_language": "",
            "content_type": "application/octet-stream",
            "crc32c": "iMh5hA==",
            "customer_encryption": [],
            "detect_md5hash": "sQNq7ULVsxDKiuWFItjvfg==",
            "event_based_hold": false,
            "generation": 1744956997089528,
            "id": "ds-2025-10-executables-fac",
            "kms_key_name": "",
            "md5hash": "sQNq7ULVsxDKiuWFItjvfg==",
            "md5hexhash": "b1036aed42d5b310ca8ae58522d8ef7e",
            "media_link": "https://storage.googleapis.com/download/storage/v1/b/ds-2025-10-executables/o/fac?generation=1744956997089528\u0026alt=media",
            "metadata": {},
            "name": "fac",
            "output_name": "fac",
            "retention": [],
            "self_link": "https://www.googleapis.com/storage/v1/b/ds-2025-10-executables/o/fac",
            "source": "../../faculty/bin/fac",
            "storage_class": "STANDARD",
            "temporary_hold": false,
            "timeouts": null
          },
          "sensitive_attributes": [],
          "private": "eyJlMmJmYjczMC1lY2FhLTExZTYtOGY4OC0zNDM2M2JjN2M0YzAiOnsiY3JlYXRlIjoyNDAwMDAwMDAwMDAsImRlbGV0ZSI6MjQwMDAwMDAwMDAwLCJ1cGRhdGUiOjI0MDAwMDAwMDAwMH19",
          "dependencies": [
            "module.buckets.google_storage_bucket.executables"
          ]
        }
      ]
    },
    {
      "module": "module.buckets",
      "mode": "managed",
      "type": "google_storage_bucket_object",
      "name": "faculty_script",
      "provider": "provider[\"registry.terraform.io/hashicorp/google\"]",
      "instances": [
        {
          "schema_version": 0,
          "attributes": {
            "bucket": "ds-2025-10-scripts",
            "cache_control": "",
            "content": null,
            "content_disposition": "",
            "content_encoding": "",
            "content_language": "",
            "content_type": "text/plain; charset=utf-8",
            "crc32c": "3elFeg==",
            "customer_encryption": [],
            "detect_md5hash": "6UTZeiz555oaIOdAhCyCBQ==",
            "event_based_hold": false,
            "generation": 1744956996677982,
            "id": "ds-2025-10-scripts-case_1_faculties.py",
            "kms_key_name": "",
            "md5hash": "6UTZeiz555oaIOdAhCyCBQ==",
            "md5hexhash": "e944d97a2cf9e79a1a20e740842c8205",
            "media_link": "https://storage.googleapis.com/download/storage/v1/b/ds-2025-10-scripts/o/case_1_faculties.py?generation=1744956996677982\u0026alt=media",
            "metadata": {},
            "name": "case_1_faculties.py",
            "output_name": "case_1_faculties.py",
            "retention": [],
            "self_link": "https://www.googleapis.com/storage/v1/b/ds-2025-10-scripts/o/case_1_faculties.py",
            "source": "../../test-cases/case1/case1_faculties.py",
            "storage_class": "STANDARD",
            "temporary_hold": false,
            "timeouts": null
          },
          "sensitive_attributes": [],
          "private": "eyJlMmJmYjczMC1lY2FhLTExZTYtOGY4OC0zNDM2M2JjN2M0YzAiOnsiY3JlYXRlIjoyNDAwMDAwMDAwMDAsImRlbGV0ZSI6MjQwMDAwMDAwMDAwLCJ1cGRhdGUiOjI0MDAwMDAwMDAwMH19",
          "dependencies": [
            "module.buckets.google_storage_bucket.scripts"
          ]
        }
      ]
    },
    {
      "module": "module.buckets",
      "mode": "managed",
      "type": "google_storage_bucket_object",
      "name": "program_exe",
      "provider": "provider[\"registry.terraform.io/hashicorp/google\"]",
      "instances": [
        {
          "schema_version": 0,
          "attributes": {
            "bucket": "ds-2025-10-executables",
            "cache_control": "",
            "content": null,
            "content_disposition": "",
            "content_encoding": "",
            "content_language": "",
            "content_type": "application/octet-stream",
            "crc32c": "jpnjvw==",
            "customer_encryption": [],
            "detect_md5hash": "Oz67B8MBCeVtyY75qg0cbw==",
            "event_based_hold": false,
            "generation": 1744956997020114,
            "id": "ds-2025-10-executables-program",
            "kms_key_name": "",
            "md5hash": "Oz67B8MBCeVtyY75qg0cbw==",
            "md5hexhash": "3b3ebb07c30109e56dc98ef9aa0d1c6f",
            "media_link": "https://storage.googleapis.com/download/storage/v1/b/ds-2025-10-executables/o/program?generation=1744956997020114\u0026alt=media",
            "metadata": {},
            "name": "program",
            "output_name": "program",
            "retention": [],
            "self_link": "https://www.googleapis.com/storage/v1/b/ds-2025-10-executables/o/program",
            "source": "../../program/bin/program",
            "storage_class": "STANDARD",
            "temporary_hold": false,
            "timeouts": null
          },
          "sensitive_attributes": [],
          "private": "eyJlMmJmYjczMC1lY2FhLTExZTYtOGY4OC0zNDM2M2JjN2M0YzAiOnsiY3JlYXRlIjoyNDAwMDAwMDAwMDAsImRlbGV0ZSI6MjQwMDAwMDAwMDAwLCJ1cGRhdGUiOjI0MDAwMDAwMDAwMH19",
          "dependencies": [
            "module.buckets.google_storage_bucket.executables"
          ]
        }
      ]
    },
    {
      "module": "module.buckets",
      "mode": "managed",
      "type": "google_storage_bucket_object",
      "name": "program_script",
      "provider": "provider[\"registry.terraform.io/hashicorp/google\"]",
      "instances": [
        {
          "schema_version": 0,
          "attributes": {
            "bucket": "ds-2025-10-scripts",
            "cache_control": "",
            "content": null,
            "content_disposition": "",
            "content_encoding": "",
            "content_language": "",
            "content_type": "text/plain; charset=utf-8",
            "crc32c": "oUtzvQ==",
            "customer_encryption": [],
            "detect_md5hash": "nwKkVA41gic3DInVITxDww==",
            "event_based_hold": false,
            "generation": 1744956839712989,
            "id": "ds-2025-10-scripts-case_1_programs.py",
            "kms_key_name": "",
            "md5hash": "nwKkVA41gic3DInVITxDww==",
            "md5hexhash": "9f02a4540e358227370c89d5213c43c3",
            "media_link": "https://storage.googleapis.com/download/storage/v1/b/ds-2025-10-scripts/o/case_1_programs.py?generation=1744956839712989\u0026alt=media",
            "metadata": {},
            "name": "case_1_programs.py",
            "output_name": "case_1_programs.py",
            "retention": [],
            "self_link": "https://www.googleapis.com/storage/v1/b/ds-2025-10-scripts/o/case_1_programs.py",
            "source": "../../test-cases/case1/case1_programs.py",
            "storage_class": "STANDARD",
            "temporary_hold": false,
            "timeouts": null
          },
          "sensitive_attributes": [],
          "private": "eyJlMmJmYjczMC1lY2FhLTExZTYtOGY4OC0zNDM2M2JjN2M0YzAiOnsiY3JlYXRlIjoyNDAwMDAwMDAwMDAsImRlbGV0ZSI6MjQwMDAwMDAwMDAwLCJ1cGRhdGUiOjI0MDAwMDAwMDAwMH19",
          "dependencies": [
            "module.buckets.google_storage_bucket.scripts"
          ]
        }
      ]
    },
    {
      "module": "module.buckets",
      "mode": "managed",
      "type": "google_storage_bucket_object",
      "name": "server_exe",
      "provider": "provider[\"registry.terraform.io/hashicorp/google\"]",
      "instances": [
        {
          "schema_version": 0,
          "attributes": {
            "bucket": "ds-2025-10-executables",
            "cache_control": "",
            "content": null,
            "content_disposition": "",
            "content_encoding": "",
            "content_language": "",
            "content_type": "application/octet-stream",
            "crc32c": "x1WW5w==",
            "customer_encryption": [],
            "detect_md5hash": "GP2FqXd5x4APMhA9G6+2zw==",
            "event_based_hold": false,
            "generation": 1744956840425272,
            "id": "ds-2025-10-executables-dti",
            "kms_key_name": "",
            "md5hash": "GP2FqXd5x4APMhA9G6+2zw==",
            "md5hexhash": "18fd85a97779c7800f32103d1bafb6cf",
            "media_link": "https://storage.googleapis.com/download/storage/v1/b/ds-2025-10-executables/o/dti?generation=1744956840425272\u0026alt=media",
            "metadata": {},
            "name": "dti",
            "output_name": "dti",
            "retention": [],
            "self_link": "https://www.googleapis.com/storage/v1/b/ds-2025-10-executables/o/dti",
            "source": "../../dti/server/bin/dti",
            "storage_class": "STANDARD",
            "temporary_hold": false,
            "timeouts": null
          },
          "sensitive_attributes": [],
          "private": "eyJlMmJmYjczMC1lY2FhLTExZTYtOGY4OC0zNDM2M2JjN2M0YzAiOnsiY3JlYXRlIjoyNDAwMDAwMDAwMDAsImRlbGV0ZSI6MjQwMDAwMDAwMDAwLCJ1cGRhdGUiOjI0MDAwMDAwMDAwMH19",
          "dependencies": [
            "module.buckets.google_storage_bucket.executables"
          ]
        }
      ]
    },
    {
      "module": "module.db",
      "mode": "managed",
      "type": "google_compute_instance",
      "name": "program_vm",
      "provider": "provider[\"registry.terraform.io/hashicorp/google\"]",
      "instances": [
        {
          "schema_version": 6,
          "attributes": {
            "advanced_machine_features": [],
            "allow_stopping_for_update": null,
            "attached_disk": [],
            "boot_disk": [
              {
                "auto_delete": true,
                "device_name": "persistent-disk-0",
                "disk_encryption_key_raw": "",
                "disk_encryption_key_rsa": "",
                "disk_encryption_key_sha256": "",
                "disk_encryption_service_account": "",
                "guest_os_features": [
                  "UEFI_COMPATIBLE",
                  "VIRTIO_SCSI_MULTIQUEUE",
                  "GVNIC"
                ],
                "initialize_params": [
                  {
                    "architecture": "X86_64",
                    "enable_confidential_compute": false,
                    "image": "https://www.googleapis.com/compute/v1/projects/debian-cloud/global/images/debian-11-bullseye-v20250415",
                    "labels": {},
                    "provisioned_iops": 0,
                    "provisioned_throughput": 0,
                    "resource_manager_tags": {},
                    "resource_policies": [],
                    "size": 10,
                    "snapshot": "",
                    "source_image_encryption_key": [],
                    "source_snapshot_encryption_key": [],
                    "storage_pool": "",
                    "type": "pd-standard"
                  }
                ],
                "interface": "",
                "kms_key_self_link": "",
                "mode": "READ_WRITE",
                "source": "https://www.googleapis.com/compute/v1/projects/ds-2025-10/zones/us-west1-a/disks/db-vm"
              }
            ],
            "can_ip_forward": false,
            "confidential_instance_config": [],
            "cpu_platform": "Intel Broadwell",
            "creation_timestamp": "2025-04-17T23:14:36.379-07:00",
            "current_status": "RUNNING",
            "deletion_protection": false,
            "description": "",
            "desired_status": null,
            "effective_labels": {
              "goog-terraform-provisioned": "true"
            },
            "enable_display": false,
            "guest_accelerator": [],
            "hostname": "",
            "id": "projects/ds-2025-10/zones/us-west1-a/instances/db-vm",
            "instance_encryption_key": [],
            "instance_id": "6244506680465052451",
            "key_revocation_action_type": "",
            "label_fingerprint": "vezUS-42LLM=",
            "labels": {},
            "machine_type": "e2-small",
            "metadata": {},
            "metadata_fingerprint": "crXvRjfj9-A=",
            "metadata_startup_script": "  #!/bin/bash\n  set -eux\n\n  apt-get update\n  apt-get install -y \\\n      apt-transport-https \\\n      ca-certificates \\\n      curl \\\n      gnupg \\\n      lsb-release\n\n  curl -fsSL https://download.docker.com/linux/debian/gpg \\\n  | gpg --dearmor -o /usr/share/keyrings/docker-archive-keyring.gpg\n\n  echo \\\n  \"deb [arch=$(dpkg --print-architecture) signed-by=/usr/share/keyrings/docker-archive-keyring.gpg] \\\n  https://download.docker.com/linux/debian \\\n  $(lsb_release -cs) stable\" \\\n  | tee /etc/apt/sources.list.d/docker.list \u003e /dev/null\n\n  apt-get update\n  apt-get install -y docker-ce docker-ce-cli containerd.io docker-compose-plugin\n\n  systemctl enable docker\n  systemctl start docker\napt-get install -y google-cloud-sdk\ngcloud storage cp gs://docker-compose.yaml /\ndocker compose up -d\n",
            "min_cpu_platform": "",
            "name": "db-vm",
            "network_interface": [
              {
                "access_config": [],
                "alias_ip_range": [],
                "internal_ipv6_prefix_length": 0,
                "ipv6_access_config": [],
                "ipv6_access_type": "",
                "ipv6_address": "",
                "name": "nic0",
                "network": "https://www.googleapis.com/compute/v1/projects/ds-2025-10/global/networks/college-vpc",
                "network_attachment": "",
                "network_ip": "10.3.0.2",
                "nic_type": "",
                "queue_count": 0,
                "stack_type": "IPV4_ONLY",
                "subnetwork": "https://www.googleapis.com/compute/v1/projects/ds-2025-10/regions/us-west1/subnetworks/us-west-vpc",
                "subnetwork_project": "ds-2025-10"
              }
            ],
            "network_performance_config": [],
            "params": [],
            "project": "ds-2025-10",
            "reservation_affinity": [],
            "resource_policies": [],
            "scheduling": [
              {
                "automatic_restart": true,
                "availability_domain": 0,
                "instance_termination_action": "",
                "local_ssd_recovery_timeout": [],
                "max_run_duration": [],
                "min_node_cpus": 0,
                "node_affinities": [],
                "on_host_maintenance": "MIGRATE",
                "on_instance_stop_action": [],
                "preemptible": false,
                "provisioning_model": "STANDARD",
                "termination_time": ""
              }
            ],
            "scratch_disk": [],
            "self_link": "https://www.googleapis.com/compute/v1/projects/ds-2025-10/zones/us-west1-a/instances/db-vm",
            "service_account": [],
            "shielded_instance_config": [
              {
                "enable_integrity_monitoring": true,
                "enable_secure_boot": false,
                "enable_vtpm": true
              }
            ],
            "tags": [],
            "tags_fingerprint": "42WmSpB8rSM=",
            "terraform_labels": {
              "goog-terraform-provisioned": "true"
            },
            "timeouts": null,
            "zone": "us-west1-a"
          },
          "sensitive_attributes": [],
          "private": "eyJlMmJmYjczMC1lY2FhLTExZTYtOGY4OC0zNDM2M2JjN2M0YzAiOnsiY3JlYXRlIjoxMjAwMDAwMDAwMDAwLCJkZWxldGUiOjEyMDAwMDAwMDAwMDAsInVwZGF0ZSI6MTIwMDAwMDAwMDAwMH0sInNjaGVtYV92ZXJzaW9uIjoiNiJ9",
          "dependencies": [
            "module.buckets.google_storage_bucket_object.docker_compose",
            "module.vpc.google_compute_network.college_vpc",
            "module.vpc.google_compute_subnetwork.us-west-vpc"
          ]
        }
      ]
    },
    {
      "module": "module.dti",
      "mode": "managed",
      "type": "google_compute_instance",
      "name": "program_vm",
      "provider": "provider[\"registry.terraform.io/hashicorp/google\"]",
      "instances": [
        {
          "schema_version": 6,
          "attributes": {
            "advanced_machine_features": [],
            "allow_stopping_for_update": null,
            "attached_disk": [],
            "boot_disk": [
              {
                "auto_delete": true,
                "device_name": "persistent-disk-0",
                "disk_encryption_key_raw": "",
                "disk_encryption_key_rsa": "",
                "disk_encryption_key_sha256": "",
                "disk_encryption_service_account": "",
                "guest_os_features": [
                  "UEFI_COMPATIBLE",
                  "VIRTIO_SCSI_MULTIQUEUE",
                  "GVNIC"
                ],
                "initialize_params": [
                  {
                    "architecture": "X86_64",
                    "enable_confidential_compute": false,
                    "image": "https://www.googleapis.com/compute/v1/projects/debian-cloud/global/images/debian-11-bullseye-v20250415",
                    "labels": {},
                    "provisioned_iops": 0,
                    "provisioned_throughput": 0,
                    "resource_manager_tags": {},
                    "resource_policies": [],
                    "size": 10,
                    "snapshot": "",
                    "source_image_encryption_key": [],
                    "source_snapshot_encryption_key": [],
                    "storage_pool": "",
                    "type": "pd-standard"
                  }
                ],
                "interface": "",
                "kms_key_self_link": "",
                "mode": "READ_WRITE",
                "source": "https://www.googleapis.com/compute/v1/projects/ds-2025-10/zones/us-west1-a/disks/dti-vm"
              }
            ],
            "can_ip_forward": false,
            "confidential_instance_config": [],
            "cpu_platform": "Intel Broadwell",
            "creation_timestamp": "2025-04-17T23:16:38.393-07:00",
            "current_status": "RUNNING",
            "deletion_protection": false,
            "description": "",
            "desired_status": null,
            "effective_labels": {
              "goog-terraform-provisioned": "true"
            },
            "enable_display": false,
            "guest_accelerator": [],
            "hostname": "",
            "id": "projects/ds-2025-10/zones/us-west1-a/instances/dti-vm",
            "instance_encryption_key": [],
            "instance_id": "4711306490842730665",
            "key_revocation_action_type": "",
            "label_fingerprint": "vezUS-42LLM=",
            "labels": {},
            "machine_type": "e2-micro",
            "metadata": {},
            "metadata_fingerprint": "e6ZBPGR_8lo=",
            "metadata_startup_script": "#!/bin/bash\napt-get update\napt-get install -y google-cloud-sdk\ngcloud storage cp gs://dti /\nchmod +x /program_exe\ngcloud storage cp gs://case_1_faculties.py /\nexport POSTGRES_HOST=10.3.0.2; export POSTGRES_PORT=5432; POSTGRES_USER=myuser; POSTGRES_PASSWORD=mypassword; POSTGRES_DB=college; POSTGRES_SSL_MODE=disable;POSTGRES_TIMEZONE=UTC\n",
            "min_cpu_platform": "",
            "name": "dti-vm",
            "network_interface": [
              {
                "access_config": [],
                "alias_ip_range": [],
                "internal_ipv6_prefix_length": 0,
                "ipv6_access_config": [],
                "ipv6_access_type": "",
                "ipv6_address": "",
                "name": "nic0",
                "network": "https://www.googleapis.com/compute/v1/projects/ds-2025-10/global/networks/college-vpc",
                "network_attachment": "",
                "network_ip": "10.3.0.3",
                "nic_type": "",
                "queue_count": 0,
                "stack_type": "IPV4_ONLY",
                "subnetwork": "https://www.googleapis.com/compute/v1/projects/ds-2025-10/regions/us-west1/subnetworks/us-west-vpc",
                "subnetwork_project": "ds-2025-10"
              }
            ],
            "network_performance_config": [],
            "params": [],
            "project": "ds-2025-10",
            "reservation_affinity": [],
            "resource_policies": [],
            "scheduling": [
              {
                "automatic_restart": true,
                "availability_domain": 0,
                "instance_termination_action": "",
                "local_ssd_recovery_timeout": [],
                "max_run_duration": [],
                "min_node_cpus": 0,
                "node_affinities": [],
                "on_host_maintenance": "MIGRATE",
                "on_instance_stop_action": [],
                "preemptible": false,
                "provisioning_model": "STANDARD",
                "termination_time": ""
              }
            ],
            "scratch_disk": [],
            "self_link": "https://www.googleapis.com/compute/v1/projects/ds-2025-10/zones/us-west1-a/instances/dti-vm",
            "service_account": [],
            "shielded_instance_config": [
              {
                "enable_integrity_monitoring": true,
                "enable_secure_boot": false,
                "enable_vtpm": true
              }
            ],
            "tags": [],
            "tags_fingerprint": "42WmSpB8rSM=",
            "terraform_labels": {
              "goog-terraform-provisioned": "true"
            },
            "timeouts": null,
            "zone": "us-west1-a"
          },
          "sensitive_attributes": [],
          "private": "eyJlMmJmYjczMC1lY2FhLTExZTYtOGY4OC0zNDM2M2JjN2M0YzAiOnsiY3JlYXRlIjoxMjAwMDAwMDAwMDAwLCJkZWxldGUiOjEyMDAwMDAwMDAwMDAsInVwZGF0ZSI6MTIwMDAwMDAwMDAwMH0sInNjaGVtYV92ZXJzaW9uIjoiNiJ9",
          "dependencies": [
            "module.buckets.google_storage_bucket.executables",
            "module.buckets.google_storage_bucket.scripts",
            "module.buckets.google_storage_bucket_object.docker_compose",
            "module.buckets.google_storage_bucket_object.faculty_script",
            "module.buckets.google_storage_bucket_object.server_exe",
            "module.db.google_compute_instance.program_vm",
            "module.vpc.google_compute_network.college_vpc",
            "module.vpc.google_compute_subnetwork.us-west-vpc"
          ]
        }
      ]
    },
    {
      "module": "module.faculties",
      "mode": "managed",
      "type": "google_compute_instance",
      "name": "program_vm",
      "provider": "provider[\"registry.terraform.io/hashicorp/google\"]",
      "instances": [
        {
          "schema_version": 6,
          "attributes": {
            "advanced_machine_features": [],
            "allow_stopping_for_update": null,
            "attached_disk": [],
            "boot_disk": [
              {
                "auto_delete": true,
                "device_name": "persistent-disk-0",
                "disk_encryption_key_raw": "",
                "disk_encryption_key_rsa": "",
                "disk_encryption_key_sha256": "",
                "disk_encryption_service_account": "",
                "guest_os_features": [
                  "UEFI_COMPATIBLE",
                  "VIRTIO_SCSI_MULTIQUEUE",
                  "GVNIC"
                ],
                "initialize_params": [
                  {
                    "architecture": "X86_64",
                    "enable_confidential_compute": false,
                    "image": "https://www.googleapis.com/compute/v1/projects/debian-cloud/global/images/debian-11-bullseye-v20250415",
                    "labels": {},
                    "provisioned_iops": 0,
                    "provisioned_throughput": 0,
                    "resource_manager_tags": null,
                    "resource_policies": [],
                    "size": 10,
                    "snapshot": "",
                    "source_image_encryption_key": [],
                    "source_snapshot_encryption_key": [],
                    "storage_pool": "",
                    "type": "pd-standard"
                  }
                ],
                "interface": "",
                "kms_key_self_link": "",
                "mode": "READ_WRITE",
                "source": "https://www.googleapis.com/compute/v1/projects/ds-2025-10/zones/us-east1-b/disks/faculties-vm"
              }
            ],
            "can_ip_forward": false,
            "confidential_instance_config": [],
            "cpu_platform": "Intel Broadwell",
            "creation_timestamp": "2025-04-17T23:18:55.499-07:00",
            "current_status": "RUNNING",
            "deletion_protection": false,
            "description": "",
            "desired_status": null,
            "effective_labels": {
              "goog-terraform-provisioned": "true"
            },
            "enable_display": false,
            "guest_accelerator": [],
            "hostname": "",
            "id": "projects/ds-2025-10/zones/us-east1-b/instances/faculties-vm",
            "instance_encryption_key": [],
            "instance_id": "119579851159785505",
            "key_revocation_action_type": "",
            "label_fingerprint": "vezUS-42LLM=",
            "labels": null,
            "machine_type": "e2-micro",
            "metadata": null,
            "metadata_fingerprint": "x1YknOyrCBU=",
            "metadata_startup_script": "#!/bin/bash\napt-get update\napt-get install -y google-cloud-sdk\ngcloud storage cp gs://fac /\nchmod +x /program_exe\ngcloud storage cp gs://case_1_faculties.py /\nexport DTI_ADDRESS=10.3.0.3\n",
            "min_cpu_platform": "",
            "name": "faculties-vm",
            "network_interface": [
              {
                "access_config": [],
                "alias_ip_range": [],
                "internal_ipv6_prefix_length": 0,
                "ipv6_access_config": [],
                "ipv6_access_type": "",
                "ipv6_address": "",
                "name": "nic0",
                "network": "https://www.googleapis.com/compute/v1/projects/ds-2025-10/global/networks/college-vpc",
                "network_attachment": "",
                "network_ip": "10.2.0.2",
                "nic_type": "",
                "queue_count": 0,
                "stack_type": "IPV4_ONLY",
                "subnetwork": "https://www.googleapis.com/compute/v1/projects/ds-2025-10/regions/us-east1/subnetworks/us-east-vpc",
                "subnetwork_project": "ds-2025-10"
              }
            ],
            "network_performance_config": [],
            "params": [],
            "project": "ds-2025-10",
            "reservation_affinity": [],
            "resource_policies": null,
            "scheduling": [
              {
                "automatic_restart": true,
                "availability_domain": 0,
                "instance_termination_action": "",
                "local_ssd_recovery_timeout": [],
                "max_run_duration": [],
                "min_node_cpus": 0,
                "node_affinities": [],
                "on_host_maintenance": "MIGRATE",
                "on_instance_stop_action": [],
                "preemptible": false,
                "provisioning_model": "STANDARD",
                "termination_time": ""
              }
            ],
            "scratch_disk": [],
            "self_link": "https://www.googleapis.com/compute/v1/projects/ds-2025-10/zones/us-east1-b/instances/faculties-vm",
            "service_account": [],
            "shielded_instance_config": [
              {
                "enable_integrity_monitoring": true,
                "enable_secure_boot": false,
                "enable_vtpm": true
              }
            ],
            "tags": null,
            "tags_fingerprint": "42WmSpB8rSM=",
            "terraform_labels": {
              "goog-terraform-provisioned": "true"
            },
            "timeouts": null,
            "zone": "us-east1-b"
          },
          "sensitive_attributes": [],
          "private": "eyJlMmJmYjczMC1lY2FhLTExZTYtOGY4OC0zNDM2M2JjN2M0YzAiOnsiY3JlYXRlIjoxMjAwMDAwMDAwMDAwLCJkZWxldGUiOjEyMDAwMDAwMDAwMDAsInVwZGF0ZSI6MTIwMDAwMDAwMDAwMH0sInNjaGVtYV92ZXJzaW9uIjoiNiJ9",
          "dependencies": [
            "module.buckets.google_storage_bucket_object.faculty_exe",
            "module.buckets.google_storage_bucket_object.faculty_script",
            "module.dti.google_compute_instance.program_vm",
            "module.vpc.google_compute_network.college_vpc",
            "module.vpc.google_compute_subnetwork.us-east-vpc"
          ]
        }
      ]
    },
    {
      "module": "module.programs",
      "mode": "managed",
      "type": "google_compute_instance",
      "name": "program_vm",
      "provider": "provider[\"registry.terraform.io/hashicorp/google\"]",
      "instances": [
        {
          "schema_version": 6,
          "attributes": {
            "advanced_machine_features": [],
            "allow_stopping_for_update": null,
            "attached_disk": [],
            "boot_disk": [
              {
                "auto_delete": true,
                "device_name": "persistent-disk-0",
                "disk_encryption_key_raw": "",
                "disk_encryption_key_rsa": "",
                "disk_encryption_key_sha256": "",
                "disk_encryption_service_account": "",
                "guest_os_features": [
                  "UEFI_COMPATIBLE",
                  "VIRTIO_SCSI_MULTIQUEUE",
                  "GVNIC"
                ],
                "initialize_params": [
                  {
                    "architecture": "X86_64",
                    "enable_confidential_compute": false,
                    "image": "https://www.googleapis.com/compute/v1/projects/debian-cloud/global/images/debian-11-bullseye-v20250415",
                    "labels": {},
                    "provisioned_iops": 0,
                    "provisioned_throughput": 0,
                    "resource_manager_tags": null,
                    "resource_policies": [],
                    "size": 10,
                    "snapshot": "",
                    "source_image_encryption_key": [],
                    "source_snapshot_encryption_key": [],
                    "storage_pool": "",
                    "type": "pd-standard"
                  }
                ],
                "interface": "",
                "kms_key_self_link": "",
                "mode": "READ_WRITE",
                "source": "https://www.googleapis.com/compute/v1/projects/ds-2025-10/zones/us-central1-a/disks/programs-vm"
              }
            ],
            "can_ip_forward": false,
            "confidential_instance_config": [],
            "cpu_platform": "Intel Broadwell",
            "creation_timestamp": "2025-04-17T23:19:12.425-07:00",
            "current_status": "RUNNING",
            "deletion_protection": false,
            "description": "",
            "desired_status": null,
            "effective_labels": {
              "goog-terraform-provisioned": "true"
            },
            "enable_display": false,
            "guest_accelerator": [],
            "hostname": "",
            "id": "projects/ds-2025-10/zones/us-central1-a/instances/programs-vm",
            "instance_encryption_key": [],
            "instance_id": "2439593301807747087",
            "key_revocation_action_type": "",
            "label_fingerprint": "vezUS-42LLM=",
            "labels": null,
            "machine_type": "e2-micro",
            "metadata": null,
            "metadata_fingerprint": "rqg7qIWJgRw=",
            "metadata_startup_script": "#!/bin/bash\napt-get update\napt-get install -y google-cloud-sdk\ngcloud storage cp gs://program /\nchmod +x /program_exe\ngcloud storage cp gs://case_1_programs.py /\nexport FAC_ADDRESS=10.2.0.2\n",
            "min_cpu_platform": "",
            "name": "programs-vm",
            "network_interface": [
              {
                "access_config": [],
                "alias_ip_range": [],
                "internal_ipv6_prefix_length": 0,
                "ipv6_access_config": [],
                "ipv6_access_type": "",
                "ipv6_address": "",
                "name": "nic0",
                "network": "https://www.googleapis.com/compute/v1/projects/ds-2025-10/global/networks/college-vpc",
                "network_attachment": "",
                "network_ip": "10.1.0.2",
                "nic_type": "",
                "queue_count": 0,
                "stack_type": "IPV4_ONLY",
                "subnetwork": "https://www.googleapis.com/compute/v1/projects/ds-2025-10/regions/us-central1/subnetworks/us-central-vpc",
                "subnetwork_project": "ds-2025-10"
              }
            ],
            "network_performance_config": [],
            "params": [],
            "project": "ds-2025-10",
            "reservation_affinity": [],
            "resource_policies": null,
            "scheduling": [
              {
                "automatic_restart": true,
                "availability_domain": 0,
                "instance_termination_action": "",
                "local_ssd_recovery_timeout": [],
                "max_run_duration": [],
                "min_node_cpus": 0,
                "node_affinities": [],
                "on_host_maintenance": "MIGRATE",
                "on_instance_stop_action": [],
                "preemptible": false,
                "provisioning_model": "STANDARD",
                "termination_time": ""
              }
            ],
            "scratch_disk": [],
            "self_link": "https://www.googleapis.com/compute/v1/projects/ds-2025-10/zones/us-central1-a/instances/programs-vm",
            "service_account": [],
            "shielded_instance_config": [
              {
                "enable_integrity_monitoring": true,
                "enable_secure_boot": false,
                "enable_vtpm": true
              }
            ],
            "tags": null,
            "tags_fingerprint": "42WmSpB8rSM=",
            "terraform_labels": {
              "goog-terraform-provisioned": "true"
            },
            "timeouts": null,
            "zone": "us-central1-a"
          },
          "sensitive_attributes": [],
          "private": "eyJlMmJmYjczMC1lY2FhLTExZTYtOGY4OC0zNDM2M2JjN2M0YzAiOnsiY3JlYXRlIjoxMjAwMDAwMDAwMDAwLCJkZWxldGUiOjEyMDAwMDAwMDAwMDAsInVwZGF0ZSI6MTIwMDAwMDAwMDAwMH0sInNjaGVtYV92ZXJzaW9uIjoiNiJ9",
          "dependencies": [
            "module.buckets.google_storage_bucket_object.faculty_exe",
            "module.buckets.google_storage_bucket_object.faculty_script",
            "module.buckets.google_storage_bucket_object.program_exe",
            "module.buckets.google_storage_bucket_object.program_script",
            "module.dti.google_compute_instance.program_vm",
            "module.faculties.google_compute_instance.program_vm",
            "module.vpc.google_compute_network.college_vpc",
            "module.vpc.google_compute_subnetwork.us-central-vpc",
            "module.vpc.google_compute_subnetwork.us-east-vpc"
          ]
        }
      ]
    },
    {
      "module": "module.vpc",
      "mode": "managed",
      "type": "google_compute_firewall",
      "name": "firewall_rules",
      "provider": "provider[\"registry.terraform.io/hashicorp/google\"]",
      "instances": [
        {
          "schema_version": 1,
          "attributes": {
            "allow": [
              {
                "ports": [
                  "5432",
                  "8080",
                  "6000",
                  "5001",
                  "5002",
                  "5003",
                  "22"
                ],
                "protocol": "tcp"
              }
            ],
            "creation_timestamp": "2025-04-17T23:14:09.480-07:00",
            "deny": [],
            "description": "",
            "destination_ranges": [],
            "direction": "INGRESS",
            "disabled": false,
            "enable_logging": null,
            "id": "projects/ds-2025-10/global/firewalls/vpc-fireall-rules",
            "log_config": [],
            "name": "vpc-fireall-rules",
            "network": "https://www.googleapis.com/compute/v1/projects/ds-2025-10/global/networks/college-vpc",
            "priority": 1000,
            "project": "ds-2025-10",
            "self_link": "https://www.googleapis.com/compute/v1/projects/ds-2025-10/global/firewalls/vpc-fireall-rules",
            "source_ranges": [
              "0.0.0.0/0"
            ],
            "source_service_accounts": [],
            "source_tags": [],
            "target_service_accounts": [],
            "target_tags": [],
            "timeouts": null
          },
          "sensitive_attributes": [],
          "private": "eyJlMmJmYjczMC1lY2FhLTExZTYtOGY4OC0zNDM2M2JjN2M0YzAiOnsiY3JlYXRlIjoxMjAwMDAwMDAwMDAwLCJkZWxldGUiOjEyMDAwMDAwMDAwMDAsInVwZGF0ZSI6MTIwMDAwMDAwMDAwMH0sInNjaGVtYV92ZXJzaW9uIjoiMSJ9",
          "dependencies": [
            "module.vpc.google_compute_network.college_vpc"
          ]
        }
      ]
    },
    {
      "module": "module.vpc",
      "mode": "managed",
      "type": "google_compute_network",
      "name": "college_vpc",
      "provider": "provider[\"registry.terraform.io/hashicorp/google\"]",
      "instances": [
        {
          "schema_version": 0,
          "attributes": {
            "auto_create_subnetworks": false,
            "bgp_always_compare_med": false,
            "bgp_best_path_selection_mode": "LEGACY",
            "bgp_inter_region_cost": "",
            "delete_default_routes_on_create": false,
            "description": "",
            "enable_ula_internal_ipv6": false,
            "gateway_ipv4": "",
            "id": "projects/ds-2025-10/global/networks/college-vpc",
            "internal_ipv6_range": "",
            "mtu": 0,
            "name": "college-vpc",
            "network_firewall_policy_enforcement_order": "AFTER_CLASSIC_FIREWALL",
            "network_id": "7317398423062991689",
            "network_profile": "",
            "numeric_id": "7317398423062991689",
            "project": "ds-2025-10",
            "routing_mode": "REGIONAL",
            "self_link": "https://www.googleapis.com/compute/v1/projects/ds-2025-10/global/networks/college-vpc",
            "timeouts": null
          },
          "sensitive_attributes": [],
          "private": "eyJlMmJmYjczMC1lY2FhLTExZTYtOGY4OC0zNDM2M2JjN2M0YzAiOnsiY3JlYXRlIjoxMjAwMDAwMDAwMDAwLCJkZWxldGUiOjEyMDAwMDAwMDAwMDAsInVwZGF0ZSI6MTIwMDAwMDAwMDAwMH19"
        }
      ]
    },
    {
      "module": "module.vpc",
      "mode": "managed",
      "type": "google_compute_subnetwork",
      "name": "us-central-vpc",
      "provider": "provider[\"registry.terraform.io/hashicorp/google\"]",
      "instances": [
        {
          "schema_version": 0,
          "attributes": {
            "creation_timestamp": "2025-04-17T23:14:10.097-07:00",
            "description": "",
            "enable_flow_logs": false,
            "external_ipv6_prefix": "",
            "fingerprint": null,
            "gateway_address": "10.1.0.1",
            "id": "projects/ds-2025-10/regions/us-central1/subnetworks/us-central-vpc",
            "internal_ipv6_prefix": "",
            "ip_cidr_range": "10.1.0.0/16",
            "ip_collection": null,
            "ipv6_access_type": "",
            "ipv6_cidr_range": "",
            "ipv6_gce_endpoint": "",
            "log_config": [],
            "name": "us-central-vpc",
            "network": "https://www.googleapis.com/compute/v1/projects/ds-2025-10/global/networks/college-vpc",
            "private_ip_google_access": false,
            "private_ipv6_google_access": "DISABLE_GOOGLE_ACCESS",
            "project": "ds-2025-10",
            "purpose": "PRIVATE",
            "region": "us-central1",
            "reserved_internal_range": "",
            "role": "",
            "secondary_ip_range": [],
            "self_link": "https://www.googleapis.com/compute/v1/projects/ds-2025-10/regions/us-central1/subnetworks/us-central-vpc",
            "send_secondary_ip_range_if_empty": null,
            "stack_type": "IPV4_ONLY",
            "state": "",
            "subnetwork_id": 560273693644444509,
            "timeouts": null
          },
          "sensitive_attributes": [],
          "private": "eyJlMmJmYjczMC1lY2FhLTExZTYtOGY4OC0zNDM2M2JjN2M0YzAiOnsiY3JlYXRlIjoxMjAwMDAwMDAwMDAwLCJkZWxldGUiOjEyMDAwMDAwMDAwMDAsInVwZGF0ZSI6MTIwMDAwMDAwMDAwMH19",
          "dependencies": [
            "module.vpc.google_compute_network.college_vpc"
          ]
        }
      ]
    },
    {
      "module": "module.vpc",
      "mode": "managed",
      "type": "google_compute_subnetwork",
      "name": "us-east-vpc",
      "provider": "provider[\"registry.terraform.io/hashicorp/google\"]",
      "instances": [
        {
          "schema_version": 0,
          "attributes": {
            "creation_timestamp": "2025-04-17T23:14:10.498-07:00",
            "description": "",
            "enable_flow_logs": false,
            "external_ipv6_prefix": "",
            "fingerprint": null,
            "gateway_address": "10.2.0.1",
            "id": "projects/ds-2025-10/regions/us-east1/subnetworks/us-east-vpc",
            "internal_ipv6_prefix": "",
            "ip_cidr_range": "10.2.0.0/16",
            "ip_collection": null,
            "ipv6_access_type": "",
            "ipv6_cidr_range": "",
            "ipv6_gce_endpoint": "",
            "log_config": [],
            "name": "us-east-vpc",
            "network": "https://www.googleapis.com/compute/v1/projects/ds-2025-10/global/networks/college-vpc",
            "private_ip_google_access": false,
            "private_ipv6_google_access": "DISABLE_GOOGLE_ACCESS",
            "project": "ds-2025-10",
            "purpose": "PRIVATE",
            "region": "us-east1",
            "reserved_internal_range": "",
            "role": "",
            "secondary_ip_range": [],
            "self_link": "https://www.googleapis.com/compute/v1/projects/ds-2025-10/regions/us-east1/subnetworks/us-east-vpc",
            "send_secondary_ip_range_if_empty": null,
            "stack_type": "IPV4_ONLY",
            "state": "",
            "subnetwork_id": 8193181618092659549,
            "timeouts": null
          },
          "sensitive_attributes": [],
          "private": "eyJlMmJmYjczMC1lY2FhLTExZTYtOGY4OC0zNDM2M2JjN2M0YzAiOnsiY3JlYXRlIjoxMjAwMDAwMDAwMDAwLCJkZWxldGUiOjEyMDAwMDAwMDAwMDAsInVwZGF0ZSI6MTIwMDAwMDAwMDAwMH19",
          "dependencies": [
            "module.vpc.google_compute_network.college_vpc"
          ]
        }
      ]
    },
    {
      "module": "module.vpc",
      "mode": "managed",
      "type": "google_compute_subnetwork",
      "name": "us-west-vpc",
      "provider": "provider[\"registry.terraform.io/hashicorp/google\"]",
      "instances": [
        {
          "schema_version": 0,
          "attributes": {
            "creation_timestamp": "2025-04-17T23:14:11.298-07:00",
            "description": "",
            "enable_flow_logs": false,
            "external_ipv6_prefix": "",
            "fingerprint": null,
            "gateway_address": "10.3.0.1",
            "id": "projects/ds-2025-10/regions/us-west1/subnetworks/us-west-vpc",
            "internal_ipv6_prefix": "",
            "ip_cidr_range": "10.3.0.0/16",
            "ip_collection": null,
            "ipv6_access_type": "",
            "ipv6_cidr_range": "",
            "ipv6_gce_endpoint": "",
            "log_config": [],
            "name": "us-west-vpc",
            "network": "https://www.googleapis.com/compute/v1/projects/ds-2025-10/global/networks/college-vpc",
            "private_ip_google_access": false,
            "private_ipv6_google_access": "DISABLE_GOOGLE_ACCESS",
            "project": "ds-2025-10",
            "purpose": "PRIVATE",
            "region": "us-west1",
            "reserved_internal_range": "",
            "role": "",
            "secondary_ip_range": [],
            "self_link": "https://www.googleapis.com/compute/v1/projects/ds-2025-10/regions/us-west1/subnetworks/us-west-vpc",
            "send_secondary_ip_range_if_empty": null,
            "stack_type": "IPV4_ONLY",
            "state": "",
            "subnetwork_id": 3982509802670281564,
            "timeouts": null
          },
          "sensitive_attributes": [],
          "private": "eyJlMmJmYjczMC1lY2FhLTExZTYtOGY4OC0zNDM2M2JjN2M0YzAiOnsiY3JlYXRlIjoxMjAwMDAwMDAwMDAwLCJkZWxldGUiOjEyMDAwMDAwMDAwMDAsInVwZGF0ZSI6MTIwMDAwMDAwMDAwMH19",
          "dependencies": [
            "module.vpc.google_compute_network.college_vpc"
          ]
        }
      ]
    }
  ],
  "check_results": null
}
